
Microsoft Visual Studio Solution File, Format Version 12.00
# Visual Studio Version 17
VisualStudioVersion = 17.9.34622.214
MinimumVisualStudioVersion = 10.0.40219.1
Project("{FAE04EC0-301F-11D3-BF4B-00C04F79EFBC}") = "DevOps", "DevOps.csproj", "{EE069F96-D650-4441-B6F5-C825F6FCB012}"
EndProject
Global
	GlobalSection(SolutionConfigurationPlatforms) = preSolution
		Debug|Any CPU = Debug|Any CPU
		Release|Any CPU = Release|Any CPU
	EndGlobalSection
	GlobalSection(ProjectConfigurationPlatforms) = postSolution
		{EE069F96-D650-4441-B6F5-C825F6FCB012}.Debug|Any CPU.ActiveCfg = Debug|Any CPU
		{EE069F96-D650-4441-B6F5-C825F6FCB012}.Debug|Any CPU.Build.0 = Debug|Any CPU
		{EE069F96-D650-4441-B6F5-C825F6FCB012}.Release|Any CPU.ActiveCfg = Release|Any CPU
		{EE069F96-D650-4441-B6F5-C825F6FCB012}.Release|Any CPU.Build.0 = Release|Any CPU
	EndGlobalSection
	GlobalSection(SolutionProperties) = preSolution
		HideSolutionNode = FALSE
	EndGlobalSection
	GlobalSection(ExtensibilityGlobals) = postSolution
		SolutionGuid = {44D509D1-9CF5-432F-97BE-FD1F7EF6A2CB}
	EndGlobalSection
EndGlobal
